
Microsoft Visual Studio Solution File, Format Version 12.00
# Visual Studio 15
VisualStudioVersion = 15.0.26730.16
MinimumVisualStudioVersion = 10.0.40219.1
Project("{FAE04EC0-301F-11D3-BF4B-00C04F79EFBC}") = "Swiss2", "Swiss2\Swiss2.csproj", "{AAF8C269-6DEF-4EBD-81AC-746DA46C7ABB}"
EndProject
Global
	GlobalSection(SolutionConfigurationPlatforms) = preSolution
		Debug|Any CPU = Debug|Any CPU
		Release|Any CPU = Release|Any CPU
	EndGlobalSection
	GlobalSection(ProjectConfigurationPlatforms) = postSolution
		{AAF8C269-6DEF-4EBD-81AC-746DA46C7ABB}.Debug|Any CPU.ActiveCfg = Debug|Any CPU
		{AAF8C269-6DEF-4EBD-81AC-746DA46C7ABB}.Debug|Any CPU.Build.0 = Debug|Any CPU
		{AAF8C269-6DEF-4EBD-81AC-746DA46C7ABB}.Release|Any CPU.ActiveCfg = Release|Any CPU
		{AAF8C269-6DEF-4EBD-81AC-746DA46C7ABB}.Release|Any CPU.Build.0 = Release|Any CPU
	EndGlobalSection
	GlobalSection(SolutionProperties) = preSolution
		HideSolutionNode = FALSE
	EndGlobalSection
	GlobalSection(ExtensibilityGlobals) = postSolution
		SolutionGuid = {7D0CF2D5-7C49-47D7-8608-C0C3EB9DC3B0}
	EndGlobalSection
EndGlobal
